<?xml version="1.0" encoding="UTF-8"?>
<!DOCTYPE plist PUBLIC "-//Apple//DTD PLIST 1.0//EN" "http://www.apple.com/DTDs/PropertyList-1.0.dtd">
<plist version="1.0">
<dict>
	<key>archiveVersion</key>
	<string>1</string>
	<key>classes</key>
	<dict/>
	<key>objectVersion</key>
	<string>46</string>
	<key>objects</key>
	<dict>
		<key>360396F1F7E84DD0BE4B0082</key>
		<dict>
			<key>fileRef</key>
			<string>5BB4AC5924184F88BDED691B</string>
			<key>isa</key>
			<string>PBXBuildFile</string>
		</dict>
		<key>4B41C31046E7481488FD5F8C</key>
		<dict>
			<key>buildActionMask</key>
			<string>2147483647</string>
			<key>files</key>
			<array/>
			<key>inputPaths</key>
			<array/>
			<key>isa</key>
			<string>PBXShellScriptBuildPhase</string>
			<key>name</key>
			<string>Copy Pods Resources</string>
			<key>outputPaths</key>
			<array/>
			<key>runOnlyForDeploymentPostprocessing</key>
			<string>0</string>
			<key>shellPath</key>
			<string>/bin/sh</string>
			<key>shellScript</key>
			<string>"${SRCROOT}/Pods/Pods-resources.sh"
</string>
		</dict>
		<key>5BB4AC5924184F88BDED691B</key>
		<dict>
			<key>explicitFileType</key>
			<string>archive.ar</string>
			<key>includeInIndex</key>
			<string>0</string>
			<key>isa</key>
			<string>PBXFileReference</string>
			<key>name</key>
			<string>libPods.a</string>
			<key>path</key>
			<string>libPods.a</string>
			<key>sourceTree</key>
			<string>BUILT_PRODUCTS_DIR</string>
		</dict>
		<key>5FDDD34F15B3EE3400A18850</key>
		<dict>
			<key>children</key>
			<array>
				<string>5FDDD36415B3EE3400A18850</string>
				<string>5FDDD38115B3EE3500A18850</string>
				<string>5FDDD35D15B3EE3400A18850</string>
				<string>5FDDD35B15B3EE3400A18850</string>
				<string>807397C614BA4B5F98D28C8D</string>
			</array>
			<key>isa</key>
			<string>PBXGroup</string>
			<key>sourceTree</key>
			<string>&lt;group&gt;</string>
		</dict>
		<key>5FDDD35115B3EE3400A18850</key>
		<dict>
			<key>attributes</key>
			<dict>
				<key>CLASSPREFIX</key>
				<string>TA</string>
				<key>LastUpgradeCheck</key>
				<string>0430</string>
				<key>ORGANIZATIONNAME</key>
				<string>Mysterious Trousers</string>
			</dict>
			<key>buildConfigurationList</key>
			<string>5FDDD35415B3EE3400A18850</string>
			<key>compatibilityVersion</key>
			<string>Xcode 3.2</string>
			<key>developmentRegion</key>
			<string>English</string>
			<key>hasScannedForEncodings</key>
			<string>0</string>
			<key>isa</key>
			<string>PBXProject</string>
			<key>knownRegions</key>
			<array>
				<string>en</string>
			</array>
			<key>mainGroup</key>
			<string>5FDDD34F15B3EE3400A18850</string>
			<key>productRefGroup</key>
			<string>5FDDD35B15B3EE3400A18850</string>
			<key>projectDirPath</key>
			<string></string>
			<key>projectRoot</key>
			<string></string>
			<key>targets</key>
			<array>
				<string>5FDDD35915B3EE3400A18850</string>
				<string>5FDDD37A15B3EE3500A18850</string>
			</array>
		</dict>
		<key>5FDDD35415B3EE3400A18850</key>
		<dict>
			<key>buildConfigurations</key>
			<array>
				<string>5FDDD38A15B3EE3500A18850</string>
				<string>5FDDD38B15B3EE3500A18850</string>
			</array>
			<key>defaultConfigurationIsVisible</key>
			<string>0</string>
			<key>defaultConfigurationName</key>
			<string>Release</string>
			<key>isa</key>
			<string>XCConfigurationList</string>
		</dict>
		<key>5FDDD35615B3EE3400A18850</key>
		<dict>
			<key>buildActionMask</key>
			<string>2147483647</string>
			<key>files</key>
			<array>
				<string>5FDDD36B15B3EE3400A18850</string>
				<string>5FDDD37215B3EE3400A18850</string>
			</array>
			<key>isa</key>
			<string>PBXSourcesBuildPhase</string>
			<key>runOnlyForDeploymentPostprocessing</key>
			<string>0</string>
		</dict>
		<key>5FDDD35715B3EE3400A18850</key>
		<dict>
			<key>buildActionMask</key>
			<string>2147483647</string>
			<key>files</key>
			<array>
				<string>5FDDD35F15B3EE3400A18850</string>
				<string>360396F1F7E84DD0BE4B0082</string>
			</array>
			<key>isa</key>
			<string>PBXFrameworksBuildPhase</string>
			<key>runOnlyForDeploymentPostprocessing</key>
			<string>0</string>
		</dict>
		<key>5FDDD35815B3EE3400A18850</key>
		<dict>
			<key>buildActionMask</key>
			<string>2147483647</string>
			<key>files</key>
			<array>
				<string>5FDDD36915B3EE3400A18850</string>
				<string>5FDDD36F15B3EE3400A18850</string>
				<string>5FDDD37515B3EE3400A18850</string>
			</array>
			<key>isa</key>
			<string>PBXResourcesBuildPhase</string>
			<key>runOnlyForDeploymentPostprocessing</key>
			<string>0</string>
		</dict>
		<key>5FDDD35915B3EE3400A18850</key>
		<dict>
			<key>buildConfigurationList</key>
			<string>5FDDD38C15B3EE3500A18850</string>
			<key>buildPhases</key>
			<array>
				<string>5FDDD35615B3EE3400A18850</string>
				<string>5FDDD35715B3EE3400A18850</string>
				<string>5FDDD35815B3EE3400A18850</string>
				<string>4B41C31046E7481488FD5F8C</string>
			</array>
			<key>buildRules</key>
			<array/>
			<key>dependencies</key>
			<array/>
			<key>isa</key>
			<string>PBXNativeTarget</string>
			<key>name</key>
			<string>ta_queue_mac</string>
			<key>productName</key>
			<string>ta_queue_mac</string>
			<key>productReference</key>
			<string>5FDDD35A15B3EE3400A18850</string>
			<key>productType</key>
			<string>com.apple.product-type.application</string>
		</dict>
		<key>5FDDD35A15B3EE3400A18850</key>
		<dict>
			<key>explicitFileType</key>
			<string>wrapper.application</string>
			<key>includeInIndex</key>
			<string>0</string>
			<key>isa</key>
			<string>PBXFileReference</string>
			<key>name</key>
			<string>ta_queue_mac.app</string>
			<key>path</key>
			<string>ta_queue_mac.app</string>
			<key>sourceTree</key>
			<string>BUILT_PRODUCTS_DIR</string>
		</dict>
		<key>5FDDD35B15B3EE3400A18850</key>
		<dict>
			<key>children</key>
			<array>
				<string>5FDDD35A15B3EE3400A18850</string>
				<string>5FDDD37B15B3EE3500A18850</string>
			</array>
			<key>isa</key>
			<string>PBXGroup</string>
			<key>name</key>
			<string>Products</string>
			<key>sourceTree</key>
			<string>&lt;group&gt;</string>
		</dict>
		<key>5FDDD35D15B3EE3400A18850</key>
		<dict>
			<key>children</key>
			<array>
				<string>5FDDD35E15B3EE3400A18850</string>
				<string>5FDDD37C15B3EE3500A18850</string>
				<string>5FDDD36015B3EE3400A18850</string>
				<string>5BB4AC5924184F88BDED691B</string>
			</array>
			<key>isa</key>
			<string>PBXGroup</string>
			<key>name</key>
			<string>Frameworks</string>
			<key>sourceTree</key>
			<string>&lt;group&gt;</string>
		</dict>
		<key>5FDDD35E15B3EE3400A18850</key>
		<dict>
			<key>includeInIndex</key>
			<string>1</string>
			<key>isa</key>
			<string>PBXFileReference</string>
			<key>lastKnownFileType</key>
			<string>wrapper.framework</string>
			<key>name</key>
			<string>Cocoa.framework</string>
			<key>path</key>
			<string>System/Library/Frameworks/Cocoa.framework</string>
			<key>sourceTree</key>
			<string>SDKROOT</string>
		</dict>
		<key>5FDDD35F15B3EE3400A18850</key>
		<dict>
			<key>fileRef</key>
			<string>5FDDD35E15B3EE3400A18850</string>
			<key>isa</key>
			<string>PBXBuildFile</string>
		</dict>
		<key>5FDDD36015B3EE3400A18850</key>
		<dict>
			<key>children</key>
			<array>
				<string>5FDDD36115B3EE3400A18850</string>
				<string>5FDDD36215B3EE3400A18850</string>
				<string>5FDDD36315B3EE3400A18850</string>
			</array>
			<key>isa</key>
			<string>PBXGroup</string>
			<key>name</key>
			<string>Other Frameworks</string>
			<key>sourceTree</key>
			<string>&lt;group&gt;</string>
		</dict>
		<key>5FDDD36115B3EE3400A18850</key>
		<dict>
			<key>isa</key>
			<string>PBXFileReference</string>
			<key>lastKnownFileType</key>
			<string>wrapper.framework</string>
			<key>name</key>
			<string>AppKit.framework</string>
			<key>path</key>
			<string>System/Library/Frameworks/AppKit.framework</string>
			<key>sourceTree</key>
			<string>SDKROOT</string>
		</dict>
		<key>5FDDD36215B3EE3400A18850</key>
		<dict>
			<key>isa</key>
			<string>PBXFileReference</string>
			<key>lastKnownFileType</key>
			<string>wrapper.framework</string>
			<key>name</key>
			<string>CoreData.framework</string>
			<key>path</key>
			<string>System/Library/Frameworks/CoreData.framework</string>
			<key>sourceTree</key>
			<string>SDKROOT</string>
		</dict>
		<key>5FDDD36315B3EE3400A18850</key>
		<dict>
			<key>isa</key>
			<string>PBXFileReference</string>
			<key>lastKnownFileType</key>
			<string>wrapper.framework</string>
			<key>name</key>
			<string>Foundation.framework</string>
			<key>path</key>
			<string>System/Library/Frameworks/Foundation.framework</string>
			<key>sourceTree</key>
			<string>SDKROOT</string>
		</dict>
		<key>5FDDD36415B3EE3400A18850</key>
		<dict>
			<key>children</key>
			<array>
				<string>5FDDD37015B3EE3400A18850</string>
				<string>5FDDD37115B3EE3400A18850</string>
				<string>5FDDD37315B3EE3400A18850</string>
				<string>5FDDD36515B3EE3400A18850</string>
			</array>
			<key>isa</key>
			<string>PBXGroup</string>
			<key>path</key>
			<string>ta_queue_mac</string>
			<key>sourceTree</key>
			<string>&lt;group&gt;</string>
		</dict>
		<key>5FDDD36515B3EE3400A18850</key>
		<dict>
			<key>children</key>
			<array>
				<string>5FDDD36615B3EE3400A18850</string>
				<string>5FDDD36715B3EE3400A18850</string>
				<string>5FDDD36A15B3EE3400A18850</string>
				<string>5FDDD36C15B3EE3400A18850</string>
				<string>5FDDD36D15B3EE3400A18850</string>
			</array>
			<key>isa</key>
			<string>PBXGroup</string>
			<key>name</key>
			<string>Supporting Files</string>
			<key>sourceTree</key>
			<string>&lt;group&gt;</string>
		</dict>
		<key>5FDDD36615B3EE3400A18850</key>
		<dict>
			<key>isa</key>
			<string>PBXFileReference</string>
			<key>lastKnownFileType</key>
			<string>text.plist.xml</string>
			<key>path</key>
			<string>ta_queue_mac-Info.plist</string>
			<key>sourceTree</key>
			<string>&lt;group&gt;</string>
		</dict>
		<key>5FDDD36715B3EE3400A18850</key>
		<dict>
			<key>children</key>
			<array>
				<string>5FDDD36815B3EE3400A18850</string>
			</array>
			<key>isa</key>
			<string>PBXVariantGroup</string>
			<key>name</key>
			<string>InfoPlist.strings</string>
			<key>sourceTree</key>
			<string>&lt;group&gt;</string>
		</dict>
		<key>5FDDD36815B3EE3400A18850</key>
		<dict>
			<key>isa</key>
			<string>PBXFileReference</string>
			<key>lastKnownFileType</key>
			<string>text.plist.strings</string>
			<key>name</key>
			<string>en</string>
			<key>path</key>
			<string>en.lproj/InfoPlist.strings</string>
			<key>sourceTree</key>
			<string>&lt;group&gt;</string>
		</dict>
		<key>5FDDD36915B3EE3400A18850</key>
		<dict>
			<key>fileRef</key>
			<string>5FDDD36715B3EE3400A18850</string>
			<key>isa</key>
			<string>PBXBuildFile</string>
		</dict>
		<key>5FDDD36A15B3EE3400A18850</key>
		<dict>
			<key>isa</key>
			<string>PBXFileReference</string>
			<key>lastKnownFileType</key>
			<string>sourcecode.c.objc</string>
			<key>path</key>
			<string>main.m</string>
			<key>sourceTree</key>
			<string>&lt;group&gt;</string>
		</dict>
		<key>5FDDD36B15B3EE3400A18850</key>
		<dict>
			<key>fileRef</key>
			<string>5FDDD36A15B3EE3400A18850</string>
			<key>isa</key>
			<string>PBXBuildFile</string>
		</dict>
		<key>5FDDD36C15B3EE3400A18850</key>
		<dict>
			<key>isa</key>
			<string>PBXFileReference</string>
			<key>lastKnownFileType</key>
			<string>sourcecode.c.h</string>
			<key>path</key>
			<string>ta_queue_mac-Prefix.pch</string>
			<key>sourceTree</key>
			<string>&lt;group&gt;</string>
		</dict>
		<key>5FDDD36D15B3EE3400A18850</key>
		<dict>
			<key>children</key>
			<array>
				<string>5FDDD36E15B3EE3400A18850</string>
			</array>
			<key>isa</key>
			<string>PBXVariantGroup</string>
			<key>name</key>
			<string>Credits.rtf</string>
			<key>sourceTree</key>
			<string>&lt;group&gt;</string>
		</dict>
		<key>5FDDD36E15B3EE3400A18850</key>
		<dict>
			<key>isa</key>
			<string>PBXFileReference</string>
			<key>lastKnownFileType</key>
			<string>text.rtf</string>
			<key>name</key>
			<string>en</string>
			<key>path</key>
			<string>en.lproj/Credits.rtf</string>
			<key>sourceTree</key>
			<string>&lt;group&gt;</string>
		</dict>
		<key>5FDDD36F15B3EE3400A18850</key>
		<dict>
			<key>fileRef</key>
			<string>5FDDD36D15B3EE3400A18850</string>
			<key>isa</key>
			<string>PBXBuildFile</string>
		</dict>
		<key>5FDDD37015B3EE3400A18850</key>
		<dict>
			<key>isa</key>
			<string>PBXFileReference</string>
			<key>lastKnownFileType</key>
			<string>sourcecode.c.h</string>
			<key>path</key>
			<string>TAAppDelegate.h</string>
			<key>sourceTree</key>
			<string>&lt;group&gt;</string>
		</dict>
		<key>5FDDD37115B3EE3400A18850</key>
		<dict>
			<key>isa</key>
			<string>PBXFileReference</string>
			<key>lastKnownFileType</key>
			<string>sourcecode.c.objc</string>
			<key>path</key>
			<string>TAAppDelegate.m</string>
			<key>sourceTree</key>
			<string>&lt;group&gt;</string>
		</dict>
		<key>5FDDD37215B3EE3400A18850</key>
		<dict>
			<key>fileRef</key>
			<string>5FDDD37115B3EE3400A18850</string>
			<key>isa</key>
			<string>PBXBuildFile</string>
		</dict>
		<key>5FDDD37315B3EE3400A18850</key>
		<dict>
			<key>children</key>
			<array>
				<string>5FDDD37415B3EE3400A18850</string>
			</array>
			<key>isa</key>
			<string>PBXVariantGroup</string>
			<key>name</key>
			<string>MainMenu.xib</string>
			<key>sourceTree</key>
			<string>&lt;group&gt;</string>
		</dict>
		<key>5FDDD37415B3EE3400A18850</key>
		<dict>
			<key>isa</key>
			<string>PBXFileReference</string>
			<key>lastKnownFileType</key>
			<string>file.xib</string>
			<key>name</key>
			<string>en</string>
			<key>path</key>
			<string>en.lproj/MainMenu.xib</string>
			<key>sourceTree</key>
			<string>&lt;group&gt;</string>
		</dict>
		<key>5FDDD37515B3EE3400A18850</key>
		<dict>
			<key>fileRef</key>
			<string>5FDDD37315B3EE3400A18850</string>
			<key>isa</key>
			<string>PBXBuildFile</string>
		</dict>
		<key>5FDDD37615B3EE3500A18850</key>
		<dict>
			<key>buildActionMask</key>
			<string>2147483647</string>
			<key>files</key>
			<array>
				<string>5FDDD38915B3EE3500A18850</string>
			</array>
			<key>isa</key>
			<string>PBXSourcesBuildPhase</string>
			<key>runOnlyForDeploymentPostprocessing</key>
			<string>0</string>
		</dict>
		<key>5FDDD37715B3EE3500A18850</key>
		<dict>
			<key>buildActionMask</key>
			<string>2147483647</string>
			<key>files</key>
			<array>
				<string>5FDDD37D15B3EE3500A18850</string>
				<string>5FDDD37E15B3EE3500A18850</string>
			</array>
			<key>isa</key>
			<string>PBXFrameworksBuildPhase</string>
			<key>runOnlyForDeploymentPostprocessing</key>
			<string>0</string>
		</dict>
		<key>5FDDD37815B3EE3500A18850</key>
		<dict>
			<key>buildActionMask</key>
			<string>2147483647</string>
			<key>files</key>
			<array>
				<string>5FDDD38615B3EE3500A18850</string>
			</array>
			<key>isa</key>
			<string>PBXResourcesBuildPhase</string>
			<key>runOnlyForDeploymentPostprocessing</key>
			<string>0</string>
		</dict>
		<key>5FDDD37915B3EE3500A18850</key>
		<dict>
			<key>buildActionMask</key>
			<string>2147483647</string>
			<key>files</key>
			<array/>
			<key>inputPaths</key>
			<array/>
			<key>isa</key>
			<string>PBXShellScriptBuildPhase</string>
			<key>outputPaths</key>
			<array/>
			<key>runOnlyForDeploymentPostprocessing</key>
			<string>0</string>
			<key>shellPath</key>
			<string>/bin/sh</string>
			<key>shellScript</key>
			<string># Run the unit tests in this test bundle.
"${SYSTEM_DEVELOPER_DIR}/Tools/RunUnitTests"
</string>
		</dict>
		<key>5FDDD37A15B3EE3500A18850</key>
		<dict>
			<key>buildConfigurationList</key>
			<string>5FDDD38F15B3EE3500A18850</string>
			<key>buildPhases</key>
			<array>
				<string>5FDDD37615B3EE3500A18850</string>
				<string>5FDDD37715B3EE3500A18850</string>
				<string>5FDDD37815B3EE3500A18850</string>
				<string>5FDDD37915B3EE3500A18850</string>
			</array>
			<key>buildRules</key>
			<array/>
			<key>dependencies</key>
			<array>
				<string>5FDDD38015B3EE3500A18850</string>
			</array>
			<key>isa</key>
			<string>PBXNativeTarget</string>
			<key>name</key>
			<string>ta_queue_macTests</string>
			<key>productName</key>
			<string>ta_queue_macTests</string>
			<key>productReference</key>
			<string>5FDDD37B15B3EE3500A18850</string>
			<key>productType</key>
			<string>com.apple.product-type.bundle</string>
		</dict>
		<key>5FDDD37B15B3EE3500A18850</key>
		<dict>
			<key>explicitFileType</key>
			<string>wrapper.cfbundle</string>
			<key>includeInIndex</key>
			<string>0</string>
			<key>isa</key>
			<string>PBXFileReference</string>
			<key>name</key>
			<string>ta_queue_macTests.octest</string>
			<key>path</key>
			<string>ta_queue_macTests.octest</string>
			<key>sourceTree</key>
			<string>BUILT_PRODUCTS_DIR</string>
		</dict>
		<key>5FDDD37C15B3EE3500A18850</key>
		<dict>
			<key>isa</key>
			<string>PBXFileReference</string>
			<key>lastKnownFileType</key>
			<string>wrapper.framework</string>
			<key>name</key>
			<string>SenTestingKit.framework</string>
			<key>path</key>
			<string>Library/Frameworks/SenTestingKit.framework</string>
			<key>sourceTree</key>
			<string>DEVELOPER_DIR</string>
		</dict>
		<key>5FDDD37D15B3EE3500A18850</key>
		<dict>
			<key>fileRef</key>
			<string>5FDDD37C15B3EE3500A18850</string>
			<key>isa</key>
			<string>PBXBuildFile</string>
		</dict>
		<key>5FDDD37E15B3EE3500A18850</key>
		<dict>
			<key>fileRef</key>
			<string>5FDDD35E15B3EE3400A18850</string>
			<key>isa</key>
			<string>PBXBuildFile</string>
		</dict>
		<key>5FDDD37F15B3EE3500A18850</key>
		<dict>
			<key>containerPortal</key>
			<string>5FDDD35115B3EE3400A18850</string>
			<key>isa</key>
			<string>PBXContainerItemProxy</string>
			<key>proxyType</key>
			<string>1</string>
			<key>remoteGlobalIDString</key>
			<string>5FDDD35915B3EE3400A18850</string>
			<key>remoteInfo</key>
			<string>ta_queue_mac</string>
		</dict>
		<key>5FDDD38015B3EE3500A18850</key>
		<dict>
			<key>isa</key>
			<string>PBXTargetDependency</string>
			<key>target</key>
			<string>5FDDD35915B3EE3400A18850</string>
			<key>targetProxy</key>
			<string>5FDDD37F15B3EE3500A18850</string>
		</dict>
		<key>5FDDD38115B3EE3500A18850</key>
		<dict>
			<key>children</key>
			<array>
				<string>5FDDD38715B3EE3500A18850</string>
				<string>5FDDD38815B3EE3500A18850</string>
				<string>5FDDD38215B3EE3500A18850</string>
			</array>
			<key>isa</key>
			<string>PBXGroup</string>
			<key>path</key>
			<string>ta_queue_macTests</string>
			<key>sourceTree</key>
			<string>&lt;group&gt;</string>
		</dict>
		<key>5FDDD38215B3EE3500A18850</key>
		<dict>
			<key>children</key>
			<array>
				<string>5FDDD38315B3EE3500A18850</string>
				<string>5FDDD38415B3EE3500A18850</string>
			</array>
			<key>isa</key>
			<string>PBXGroup</string>
			<key>name</key>
			<string>Supporting Files</string>
			<key>sourceTree</key>
			<string>&lt;group&gt;</string>
		</dict>
		<key>5FDDD38315B3EE3500A18850</key>
		<dict>
			<key>isa</key>
			<string>PBXFileReference</string>
			<key>lastKnownFileType</key>
			<string>text.plist.xml</string>
			<key>path</key>
			<string>ta_queue_macTests-Info.plist</string>
			<key>sourceTree</key>
			<string>&lt;group&gt;</string>
		</dict>
		<key>5FDDD38415B3EE3500A18850</key>
		<dict>
			<key>children</key>
			<array>
				<string>5FDDD38515B3EE3500A18850</string>
			</array>
			<key>isa</key>
			<string>PBXVariantGroup</string>
			<key>name</key>
			<string>InfoPlist.strings</string>
			<key>sourceTree</key>
			<string>&lt;group&gt;</string>
		</dict>
		<key>5FDDD38515B3EE3500A18850</key>
		<dict>
			<key>isa</key>
			<string>PBXFileReference</string>
			<key>lastKnownFileType</key>
			<string>text.plist.strings</string>
			<key>name</key>
			<string>en</string>
			<key>path</key>
			<string>en.lproj/InfoPlist.strings</string>
			<key>sourceTree</key>
			<string>&lt;group&gt;</string>
		</dict>
		<key>5FDDD38615B3EE3500A18850</key>
		<dict>
			<key>fileRef</key>
			<string>5FDDD38415B3EE3500A18850</string>
			<key>isa</key>
			<string>PBXBuildFile</string>
		</dict>
		<key>5FDDD38715B3EE3500A18850</key>
		<dict>
			<key>isa</key>
			<string>PBXFileReference</string>
			<key>lastKnownFileType</key>
			<string>sourcecode.c.h</string>
			<key>path</key>
			<string>ta_queue_macTests.h</string>
			<key>sourceTree</key>
			<string>&lt;group&gt;</string>
		</dict>
		<key>5FDDD38815B3EE3500A18850</key>
		<dict>
			<key>isa</key>
			<string>PBXFileReference</string>
			<key>lastKnownFileType</key>
			<string>sourcecode.c.objc</string>
			<key>path</key>
			<string>ta_queue_macTests.m</string>
			<key>sourceTree</key>
			<string>&lt;group&gt;</string>
		</dict>
		<key>5FDDD38915B3EE3500A18850</key>
		<dict>
			<key>fileRef</key>
			<string>5FDDD38815B3EE3500A18850</string>
			<key>isa</key>
			<string>PBXBuildFile</string>
		</dict>
		<key>5FDDD38A15B3EE3500A18850</key>
		<dict>
			<key>buildSettings</key>
			<dict>
				<key>ALWAYS_SEARCH_USER_PATHS</key>
				<string>NO</string>
				<key>ARCHS</key>
				<string>$(ARCHS_STANDARD_64_BIT)</string>
				<key>CLANG_ENABLE_OBJC_ARC</key>
				<string>YES</string>
				<key>COPY_PHASE_STRIP</key>
				<string>NO</string>
				<key>GCC_C_LANGUAGE_STANDARD</key>
				<string>gnu99</string>
				<key>GCC_DYNAMIC_NO_PIC</key>
				<string>NO</string>
				<key>GCC_ENABLE_OBJC_EXCEPTIONS</key>
				<string>YES</string>
				<key>GCC_OPTIMIZATION_LEVEL</key>
				<string>0</string>
				<key>GCC_PREPROCESSOR_DEFINITIONS</key>
				<array>
					<string>DEBUG=1</string>
					<string>$(inherited)</string>
				</array>
				<key>GCC_SYMBOLS_PRIVATE_EXTERN</key>
				<string>NO</string>
				<key>GCC_VERSION</key>
				<string>com.apple.compilers.llvm.clang.1_0</string>
				<key>GCC_WARN_64_TO_32_BIT_CONVERSION</key>
				<string>YES</string>
				<key>GCC_WARN_ABOUT_RETURN_TYPE</key>
				<string>YES</string>
				<key>GCC_WARN_UNINITIALIZED_AUTOS</key>
				<string>YES</string>
				<key>GCC_WARN_UNUSED_VARIABLE</key>
				<string>YES</string>
				<key>MACOSX_DEPLOYMENT_TARGET</key>
				<string>10.7</string>
				<key>ONLY_ACTIVE_ARCH</key>
				<string>YES</string>
				<key>SDKROOT</key>
				<string>macosx</string>
			</dict>
			<key>isa</key>
			<string>XCBuildConfiguration</string>
			<key>name</key>
			<string>Debug</string>
		</dict>
		<key>5FDDD38B15B3EE3500A18850</key>
		<dict>
			<key>buildSettings</key>
			<dict>
				<key>ALWAYS_SEARCH_USER_PATHS</key>
				<string>NO</string>
				<key>ARCHS</key>
				<string>$(ARCHS_STANDARD_64_BIT)</string>
				<key>CLANG_ENABLE_OBJC_ARC</key>
				<string>YES</string>
				<key>COPY_PHASE_STRIP</key>
				<string>YES</string>
				<key>DEBUG_INFORMATION_FORMAT</key>
				<string>dwarf-with-dsym</string>
				<key>GCC_C_LANGUAGE_STANDARD</key>
				<string>gnu99</string>
				<key>GCC_ENABLE_OBJC_EXCEPTIONS</key>
				<string>YES</string>
				<key>GCC_VERSION</key>
				<string>com.apple.compilers.llvm.clang.1_0</string>
				<key>GCC_WARN_64_TO_32_BIT_CONVERSION</key>
				<string>YES</string>
				<key>GCC_WARN_ABOUT_RETURN_TYPE</key>
				<string>YES</string>
				<key>GCC_WARN_UNINITIALIZED_AUTOS</key>
				<string>YES</string>
				<key>GCC_WARN_UNUSED_VARIABLE</key>
				<string>YES</string>
				<key>MACOSX_DEPLOYMENT_TARGET</key>
				<string>10.7</string>
				<key>SDKROOT</key>
				<string>macosx</string>
			</dict>
			<key>isa</key>
			<string>XCBuildConfiguration</string>
			<key>name</key>
			<string>Release</string>
		</dict>
		<key>5FDDD38C15B3EE3500A18850</key>
		<dict>
			<key>buildConfigurations</key>
			<array>
				<string>5FDDD38D15B3EE3500A18850</string>
				<string>5FDDD38E15B3EE3500A18850</string>
			</array>
			<key>defaultConfigurationIsVisible</key>
			<string>0</string>
			<key>isa</key>
			<string>XCConfigurationList</string>
		</dict>
		<key>5FDDD38D15B3EE3500A18850</key>
		<dict>
			<key>baseConfigurationReference</key>
			<string>807397C614BA4B5F98D28C8D</string>
			<key>buildSettings</key>
			<dict>
				<key>GCC_PRECOMPILE_PREFIX_HEADER</key>
				<string>YES</string>
				<key>GCC_PREFIX_HEADER</key>
				<string>ta_queue_mac/ta_queue_mac-Prefix.pch</string>
				<key>INFOPLIST_FILE</key>
				<string>ta_queue_mac/ta_queue_mac-Info.plist</string>
				<key>PRODUCT_NAME</key>
				<string>$(TARGET_NAME)</string>
				<key>WRAPPER_EXTENSION</key>
				<string>app</string>
			</dict>
			<key>isa</key>
			<string>XCBuildConfiguration</string>
			<key>name</key>
			<string>Debug</string>
		</dict>
		<key>5FDDD38E15B3EE3500A18850</key>
		<dict>
			<key>baseConfigurationReference</key>
			<string>807397C614BA4B5F98D28C8D</string>
			<key>buildSettings</key>
			<dict>
				<key>GCC_PRECOMPILE_PREFIX_HEADER</key>
				<string>YES</string>
				<key>GCC_PREFIX_HEADER</key>
				<string>ta_queue_mac/ta_queue_mac-Prefix.pch</string>
				<key>INFOPLIST_FILE</key>
				<string>ta_queue_mac/ta_queue_mac-Info.plist</string>
				<key>PRODUCT_NAME</key>
				<string>$(TARGET_NAME)</string>
				<key>WRAPPER_EXTENSION</key>
				<string>app</string>
			</dict>
			<key>isa</key>
			<string>XCBuildConfiguration</string>
			<key>name</key>
			<string>Release</string>
		</dict>
		<key>5FDDD38F15B3EE3500A18850</key>
		<dict>
			<key>buildConfigurations</key>
			<array>
				<string>5FDDD39015B3EE3500A18850</string>
				<string>5FDDD39115B3EE3500A18850</string>
			</array>
			<key>defaultConfigurationIsVisible</key>
			<string>0</string>
			<key>isa</key>
			<string>XCConfigurationList</string>
		</dict>
		<key>5FDDD39015B3EE3500A18850</key>
		<dict>
			<key>buildSettings</key>
			<dict>
				<key>BUNDLE_LOADER</key>
				<string>$(BUILT_PRODUCTS_DIR)/ta_queue_mac.app/Contents/MacOS/ta_queue_mac</string>
				<key>FRAMEWORK_SEARCH_PATHS</key>
				<string>$(DEVELOPER_LIBRARY_DIR)/Frameworks</string>
				<key>GCC_PRECOMPILE_PREFIX_HEADER</key>
				<string>YES</string>
				<key>GCC_PREFIX_HEADER</key>
				<string>ta_queue_mac/ta_queue_mac-Prefix.pch</string>
				<key>INFOPLIST_FILE</key>
				<string>ta_queue_macTests/ta_queue_macTests-Info.plist</string>
				<key>PRODUCT_NAME</key>
				<string>$(TARGET_NAME)</string>
				<key>TEST_HOST</key>
				<string>$(BUNDLE_LOADER)</string>
				<key>WRAPPER_EXTENSION</key>
				<string>octest</string>
			</dict>
			<key>isa</key>
			<string>XCBuildConfiguration</string>
			<key>name</key>
			<string>Debug</string>
		</dict>
		<key>5FDDD39115B3EE3500A18850</key>
		<dict>
			<key>buildSettings</key>
			<dict>
				<key>BUNDLE_LOADER</key>
				<string>$(BUILT_PRODUCTS_DIR)/ta_queue_mac.app/Contents/MacOS/ta_queue_mac</string>
				<key>FRAMEWORK_SEARCH_PATHS</key>
				<string>$(DEVELOPER_LIBRARY_DIR)/Frameworks</string>
				<key>GCC_PRECOMPILE_PREFIX_HEADER</key>
				<string>YES</string>
				<key>GCC_PREFIX_HEADER</key>
				<string>ta_queue_mac/ta_queue_mac-Prefix.pch</string>
				<key>INFOPLIST_FILE</key>
				<string>ta_queue_macTests/ta_queue_macTests-Info.plist</string>
				<key>PRODUCT_NAME</key>
				<string>$(TARGET_NAME)</string>
				<key>TEST_HOST</key>
				<string>$(BUNDLE_LOADER)</string>
				<key>WRAPPER_EXTENSION</key>
				<string>octest</string>
			</dict>
			<key>isa</key>
			<string>XCBuildConfiguration</string>
			<key>name</key>
			<string>Release</string>
		</dict>
		<key>807397C614BA4B5F98D28C8D</key>
		<dict>
			<key>includeInIndex</key>
			<string>1</string>
			<key>isa</key>
			<string>PBXFileReference</string>
			<key>lastKnownFileType</key>
			<string>text.xcconfig</string>
			<key>name</key>
			<string>Pods.xcconfig</string>
			<key>path</key>
			<string>Pods/Pods.xcconfig</string>
			<key>sourceTree</key>
			<string>SOURCE_ROOT</string>
		</dict>
	</dict>
	<key>rootObject</key>
	<string>5FDDD35115B3EE3400A18850</string>
</dict>
</plist>
